// !$*UTF8*$!
{
	archiveVersion = 1;
	classes = {
	};
	objectVersion = 56;
	objects = {

/* Begin PBXBuildFile section */
		CC2CECA42B15731F00BA30D9 /* main.swift in Sources */ = {isa = PBXBuildFile; fileRef = CC2CECA32B15731F00BA30D9 /* main.swift */; };
		CC2CECAB2B15737200BA30D9 /* RSPApp.swift in Sources */ = {isa = PBXBuildFile; fileRef = CC2CECAA2B15737200BA30D9 /* RSPApp.swift */; };
		CC2CECAD2B1574D100BA30D9 /* ErrorHandling.swift in Sources */ = {isa = PBXBuildFile; fileRef = CC2CECAC2B1574D100BA30D9 /* ErrorHandling.swift */; };
		CC2CECAF2B157DC200BA30D9 /* MessageHandling.swift in Sources */ = {isa = PBXBuildFile; fileRef = CC2CECAE2B157DC200BA30D9 /* MessageHandling.swift */; };
		CC2CECB12B15854100BA30D9 /* Menu.swift in Sources */ = {isa = PBXBuildFile; fileRef = CC2CECB02B15854100BA30D9 /* Menu.swift */; };
		CC2CECC62B1585A600BA30D9 /* Hand.swift in Sources */ = {isa = PBXBuildFile; fileRef = CC2CECC52B1585A600BA30D9 /* Hand.swift */; };
		CC2CECC82B15CB2D00BA30D9 /* RSPResult.swift in Sources */ = {isa = PBXBuildFile; fileRef = CC2CECC72B15CB2D00BA30D9 /* RSPResult.swift */; };
/* End PBXBuildFile section */

/* Begin PBXCopyFilesBuildPhase section */
		CC2CEC9E2B15731F00BA30D9 /* CopyFiles */ = {
			isa = PBXCopyFilesBuildPhase;
			buildActionMask = 2147483647;
			dstPath = /usr/share/man/man1/;
			dstSubfolderSpec = 0;
			files = (
			);
			runOnlyForDeploymentPostprocessing = 1;
		};
/* End PBXCopyFilesBuildPhase section */

/* Begin PBXFileReference section */
		CC2CECA02B15731F00BA30D9 /* Roh-RockScissorPaper */ = {isa = PBXFileReference; explicitFileType = "compiled.mach-o.executable"; includeInIndex = 0; path = "Roh-RockScissorPaper"; sourceTree = BUILT_PRODUCTS_DIR; };
		CC2CECA32B15731F00BA30D9 /* main.swift */ = {isa = PBXFileReference; lastKnownFileType = sourcecode.swift; path = main.swift; sourceTree = "<group>"; };
		CC2CECAA2B15737200BA30D9 /* RSPApp.swift */ = {isa = PBXFileReference; lastKnownFileType = sourcecode.swift; path = RSPApp.swift; sourceTree = "<group>"; };
		CC2CECAC2B1574D100BA30D9 /* ErrorHandling.swift */ = {isa = PBXFileReference; lastKnownFileType = sourcecode.swift; path = ErrorHandling.swift; sourceTree = "<group>"; };
		CC2CECAE2B157DC200BA30D9 /* MessageHandling.swift */ = {isa = PBXFileReference; lastKnownFileType = sourcecode.swift; path = MessageHandling.swift; sourceTree = "<group>"; };
		CC2CECB02B15854100BA30D9 /* Menu.swift */ = {isa = PBXFileReference; lastKnownFileType = sourcecode.swift; path = Menu.swift; sourceTree = "<group>"; };
		CC2CECC52B1585A600BA30D9 /* Hand.swift */ = {isa = PBXFileReference; lastKnownFileType = sourcecode.swift; path = Hand.swift; sourceTree = "<group>"; };
		CC2CECC72B15CB2D00BA30D9 /* RSPResult.swift */ = {isa = PBXFileReference; lastKnownFileType = sourcecode.swift; path = RSPResult.swift; sourceTree = "<group>"; };
/* End PBXFileReference section */

/* Begin PBXFrameworksBuildPhase section */
		CC2CEC9D2B15731F00BA30D9 /* Frameworks */ = {
			isa = PBXFrameworksBuildPhase;
			buildActionMask = 2147483647;
			files = (
			);
			runOnlyForDeploymentPostprocessing = 0;
		};
/* End PBXFrameworksBuildPhase section */

/* Begin PBXGroup section */
		CC2CEC972B15731F00BA30D9 = {
			isa = PBXGroup;
			children = (
				CC2CECA22B15731F00BA30D9 /* Roh-RockScissorPaper */,
				CC2CECA12B15731F00BA30D9 /* Products */,
			);
			sourceTree = "<group>";
		};
		CC2CECA12B15731F00BA30D9 /* Products */ = {
			isa = PBXGroup;
			children = (
				CC2CECA02B15731F00BA30D9 /* Roh-RockScissorPaper */,
			);
			name = Products;
			sourceTree = "<group>";
		};
		CC2CECA22B15731F00BA30D9 /* Roh-RockScissorPaper */ = {
			isa = PBXGroup;
			children = (
				CC2CECAE2B157DC200BA30D9 /* MessageHandling.swift */,
				CC2CECAC2B1574D100BA30D9 /* ErrorHandling.swift */,
				CC2CECA32B15731F00BA30D9 /* main.swift */,
				CC2CECAA2B15737200BA30D9 /* RSPApp.swift */,
				CC2CECB02B15854100BA30D9 /* Menu.swift */,
				CC2CECC52B1585A600BA30D9 /* Hand.swift */,
				CC2CECC72B15CB2D00BA30D9 /* RSPResult.swift */,
			);
			path = "Roh-RockScissorPaper";
			sourceTree = "<group>";
		};
/* End PBXGroup section */

/* Begin PBXNativeTarget section */
		CC2CEC9F2B15731F00BA30D9 /* Roh-RockScissorPaper */ = {
			isa = PBXNativeTarget;
			buildConfigurationList = CC2CECA72B15731F00BA30D9 /* Build configuration list for PBXNativeTarget "Roh-RockScissorPaper" */;
			buildPhases = (
				CC2CEC9C2B15731F00BA30D9 /* Sources */,
				CC2CEC9D2B15731F00BA30D9 /* Frameworks */,
				CC2CEC9E2B15731F00BA30D9 /* CopyFiles */,
			);
			buildRules = (
			);
			dependencies = (
			);
			name = "Roh-RockScissorPaper";
			productName = "Roh-RockScissorPaper";
			productReference = CC2CECA02B15731F00BA30D9 /* Roh-RockScissorPaper */;
			productType = "com.apple.product-type.tool";
		};
/* End PBXNativeTarget section */

/* Begin PBXProject section */
		CC2CEC982B15731F00BA30D9 /* Project object */ = {
			isa = PBXProject;
			attributes = {
				BuildIndependentTargetsInParallel = 1;
				LastSwiftUpdateCheck = 1500;
				LastUpgradeCheck = 1500;
				TargetAttributes = {
					CC2CEC9F2B15731F00BA30D9 = {
						CreatedOnToolsVersion = 15.0;
					};
				};
			};
			buildConfigurationList = CC2CEC9B2B15731F00BA30D9 /* Build configuration list for PBXProject "Roh-RockScissorPaper" */;
			compatibilityVersion = "Xcode 14.0";
			developmentRegion = en;
			hasScannedForEncodings = 0;
			knownRegions = (
				en,
				Base,
			);
			mainGroup = CC2CEC972B15731F00BA30D9;
			productRefGroup = CC2CECA12B15731F00BA30D9 /* Products */;
			projectDirPath = "";
			projectRoot = "";
			targets = (
				CC2CEC9F2B15731F00BA30D9 /* Roh-RockScissorPaper */,
			);
		};
/* End PBXProject section */

/* Begin PBXSourcesBuildPhase section */
		CC2CEC9C2B15731F00BA30D9 /* Sources */ = {
			isa = PBXSourcesBuildPhase;
			buildActionMask = 2147483647;
			files = (
				CC2CECA42B15731F00BA30D9 /* main.swift in Sources */,
				CC2CECAB2B15737200BA30D9 /* RSPApp.swift in Sources */,
				CC2CECC62B1585A600BA30D9 /* Hand.swift in Sources */,
				CC2CECAF2B157DC200BA30D9 /* MessageHandling.swift in Sources */,
				CC2CECC82B15CB2D00BA30D9 /* RSPResult.swift in Sources */,
				CC2CECAD2B1574D100BA30D9 /* ErrorHandling.swift in Sources */,
				CC2CECB12B15854100BA30D9 /* Menu.swift in Sources */,
			);
			runOnlyForDeploymentPostprocessing = 0;
		};
/* End PBXSourcesBuildPhase section */

/* Begin XCBuildConfiguration section */
		CC2CECA52B15731F00BA30D9 /* Debug */ = {
			isa = XCBuildConfiguration;
			buildSettings = {
				ALWAYS_SEARCH_USER_PATHS = NO;
				ASSETCATALOG_COMPILER_GENERATE_SWIFT_ASSET_SYMBOL_EXTENSIONS = YES;
				CLANG_ANALYZER_NONNULL = YES;
				CLANG_ANALYZER_NUMBER_OBJECT_CONVERSION = YES_AGGRESSIVE;
				CLANG_CXX_LANGUAGE_STANDARD = "gnu++20";
				CLANG_ENABLE_MODULES = YES;
				CLANG_ENABLE_OBJC_ARC = YES;
				CLANG_ENABLE_OBJC_WEAK = YES;
				CLANG_WARN_BLOCK_CAPTURE_AUTORELEASING = YES;
				CLANG_WARN_BOOL_CONVERSION = YES;
				CLANG_WARN_COMMA = YES;
				CLANG_WARN_CONSTANT_CONVERSION = YES;
				CLANG_WARN_DEPRECATED_OBJC_IMPLEMENTATIONS = YES;
				CLANG_WARN_DIRECT_OBJC_ISA_USAGE = YES_ERROR;
				CLANG_WARN_DOCUMENTATION_COMMENTS = YES;
				CLANG_WARN_EMPTY_BODY = YES;
				CLANG_WARN_ENUM_CONVERSION = YES;
				CLANG_WARN_INFINITE_RECURSION = YES;
				CLANG_WARN_INT_CONVERSION = YES;
				CLANG_WARN_NON_LITERAL_NULL_CONVERSION = YES;
				CLANG_WARN_OBJC_IMPLICIT_RETAIN_SELF = YES;
				CLANG_WARN_OBJC_LITERAL_CONVERSION = YES;
				CLANG_WARN_OBJC_ROOT_CLASS = YES_ERROR;
				CLANG_WARN_QUOTED_INCLUDE_IN_FRAMEWORK_HEADER = YES;
				CLANG_WARN_RANGE_LOOP_ANALYSIS = YES;
				CLANG_WARN_STRICT_PROTOTYPES = YES;
				CLANG_WARN_SUSPICIOUS_MOVE = YES;
				CLANG_WARN_UNGUARDED_AVAILABILITY = YES_AGGRESSIVE;
				CLANG_WARN_UNREACHABLE_CODE = YES;
				CLANG_WARN__DUPLICATE_METHOD_MATCH = YES;
				COPY_PHASE_STRIP = NO;
				DEBUG_INFORMATION_FORMAT = dwarf;
				ENABLE_STRICT_OBJC_MSGSEND = YES;
				ENABLE_TESTABILITY = YES;
				ENABLE_USER_SCRIPT_SANDBOXING = YES;
				GCC_C_LANGUAGE_STANDARD = gnu17;
				GCC_DYNAMIC_NO_PIC = NO;
				GCC_NO_COMMON_BLOCKS = YES;
				GCC_OPTIMIZATION_LEVEL = 0;
				GCC_PREPROCESSOR_DEFINITIONS = (
					"DEBUG=1",
					"$(inherited)",
				);
				GCC_WARN_64_TO_32_BIT_CONVERSION = YES;
				GCC_WARN_ABOUT_RETURN_TYPE = YES_ERROR;
				GCC_WARN_UNDECLARED_SELECTOR = YES;
				GCC_WARN_UNINITIALIZED_AUTOS = YES_AGGRESSIVE;
				GCC_WARN_UNUSED_FUNCTION = YES;
				GCC_WARN_UNUSED_VARIABLE = YES;
				LOCALIZATION_PREFERS_STRING_CATALOGS = YES;
				MACOSX_DEPLOYMENT_TARGET = 14.0;
				MTL_ENABLE_DEBUG_INFO = INCLUDE_SOURCE;
				MTL_FAST_MATH = YES;
				ONLY_ACTIVE_ARCH = YES;
				SDKROOT = macosx;
				SWIFT_ACTIVE_COMPILATION_CONDITIONS = "DEBUG $(inherited)";
				SWIFT_OPTIMIZATION_LEVEL = "-Onone";
			};
			name = Debug;
		};
		CC2CECA62B15731F00BA30D9 /* Release */ = {
			isa = XCBuildConfiguration;
			buildSettings = {
				ALWAYS_SEARCH_USER_PATHS = NO;
				ASSETCATALOG_COMPILER_GENERATE_SWIFT_ASSET_SYMBOL_EXTENSIONS = YES;
				CLANG_ANALYZER_NONNULL = YES;
				CLANG_ANALYZER_NUMBER_OBJECT_CONVERSION = YES_AGGRESSIVE;
				CLANG_CXX_LANGUAGE_STANDARD = "gnu++20";
				CLANG_ENABLE_MODULES = YES;
				CLANG_ENABLE_OBJC_ARC = YES;
				CLANG_ENABLE_OBJC_WEAK = YES;
				CLANG_WARN_BLOCK_CAPTURE_AUTORELEASING = YES;
				CLANG_WARN_BOOL_CONVERSION = YES;
				CLANG_WARN_COMMA = YES;
				CLANG_WARN_CONSTANT_CONVERSION = YES;
				CLANG_WARN_DEPRECATED_OBJC_IMPLEMENTATIONS = YES;
				CLANG_WARN_DIRECT_OBJC_ISA_USAGE = YES_ERROR;
				CLANG_WARN_DOCUMENTATION_COMMENTS = YES;
				CLANG_WARN_EMPTY_BODY = YES;
				CLANG_WARN_ENUM_CONVERSION = YES;
				CLANG_WARN_INFINITE_RECURSION = YES;
				CLANG_WARN_INT_CONVERSION = YES;
				CLANG_WARN_NON_LITERAL_NULL_CONVERSION = YES;
				CLANG_WARN_OBJC_IMPLICIT_RETAIN_SELF = YES;
				CLANG_WARN_OBJC_LITERAL_CONVERSION = YES;
				CLANG_WARN_OBJC_ROOT_CLASS = YES_ERROR;
				CLANG_WARN_QUOTED_INCLUDE_IN_FRAMEWORK_HEADER = YES;
				CLANG_WARN_RANGE_LOOP_ANALYSIS = YES;
				CLANG_WARN_STRICT_PROTOTYPES = YES;
				CLANG_WARN_SUSPICIOUS_MOVE = YES;
				CLANG_WARN_UNGUARDED_AVAILABILITY = YES_AGGRESSIVE;
				CLANG_WARN_UNREACHABLE_CODE = YES;
				CLANG_WARN__DUPLICATE_METHOD_MATCH = YES;
				COPY_PHASE_STRIP = NO;
				DEBUG_INFORMATION_FORMAT = "dwarf-with-dsym";
				ENABLE_NS_ASSERTIONS = NO;
				ENABLE_STRICT_OBJC_MSGSEND = YES;
				ENABLE_USER_SCRIPT_SANDBOXING = YES;
				GCC_C_LANGUAGE_STANDARD = gnu17;
				GCC_NO_COMMON_BLOCKS = YES;
				GCC_WARN_64_TO_32_BIT_CONVERSION = YES;
				GCC_WARN_ABOUT_RETURN_TYPE = YES_ERROR;
				GCC_WARN_UNDECLARED_SELECTOR = YES;
				GCC_WARN_UNINITIALIZED_AUTOS = YES_AGGRESSIVE;
				GCC_WARN_UNUSED_FUNCTION = YES;
				GCC_WARN_UNUSED_VARIABLE = YES;
				LOCALIZATION_PREFERS_STRING_CATALOGS = YES;
				MACOSX_DEPLOYMENT_TARGET = 14.0;
				MTL_ENABLE_DEBUG_INFO = NO;
				MTL_FAST_MATH = YES;
				SDKROOT = macosx;
				SWIFT_COMPILATION_MODE = wholemodule;
			};
			name = Release;
		};
		CC2CECA82B15731F00BA30D9 /* Debug */ = {
			isa = XCBuildConfiguration;
			buildSettings = {
				CODE_SIGN_STYLE = Automatic;
				DEVELOPMENT_TEAM = HGC446G538;
				ENABLE_HARDENED_RUNTIME = YES;
				PRODUCT_NAME = "$(TARGET_NAME)";
				SWIFT_VERSION = 5.0;
			};
			name = Debug;
		};
		CC2CECA92B15731F00BA30D9 /* Release */ = {
			isa = XCBuildConfiguration;
			buildSettings = {
				CODE_SIGN_STYLE = Automatic;
				DEVELOPMENT_TEAM = HGC446G538;
				ENABLE_HARDENED_RUNTIME = YES;
				PRODUCT_NAME = "$(TARGET_NAME)";
				SWIFT_VERSION = 5.0;
			};
			name = Release;
		};
/* End XCBuildConfiguration section */

/* Begin XCConfigurationList section */
		CC2CEC9B2B15731F00BA30D9 /* Build configuration list for PBXProject "Roh-RockScissorPaper" */ = {
			isa = XCConfigurationList;
			buildConfigurations = (
				CC2CECA52B15731F00BA30D9 /* Debug */,
				CC2CECA62B15731F00BA30D9 /* Release */,
			);
			defaultConfigurationIsVisible = 0;
			defaultConfigurationName = Release;
		};
		CC2CECA72B15731F00BA30D9 /* Build configuration list for PBXNativeTarget "Roh-RockScissorPaper" */ = {
			isa = XCConfigurationList;
			buildConfigurations = (
				CC2CECA82B15731F00BA30D9 /* Debug */,
				CC2CECA92B15731F00BA30D9 /* Release */,
			);
			defaultConfigurationIsVisible = 0;
			defaultConfigurationName = Release;
		};
/* End XCConfigurationList section */
	};
	rootObject = CC2CEC982B15731F00BA30D9 /* Project object */;
}
